{
  "originHash" : "3f8911be5ee9a8b2318f1945d25046bea3a4d022653bd751b38550d99b09d095",
  "pins" : [
    {
      "identity" : "owlnav",
      "kind" : "remoteSourceControl",
      "location" : "https://github.com/dewangga18/OwlNav.git",
      "state" : {
        "revision" : "92e40accc0f1acad673f4b78c2a4b8c02da98a35",
        "version" : "0.0.5"
      }
    }
  ],
  "version" : 3
}
